{
  "name": "clash.js",
  "version": "2.0.2",
  "lockfileVersion": 3,
  "requires": true,
  "packages": {
    "": {
      "name": "clash.js",
      "version": "2.0.1",
      "license": "MIT",
      "devDependencies": {
        "@types/node": "^20.14.6"
      }
    },
    "node_modules/@types/node": {
      "version": "20.14.6",
      "resolved": "https://registry.npmjs.org/@types/node/-/node-20.14.6.tgz",
      "integrity": "sha512-JbA0XIJPL1IiNnU7PFxDXyfAwcwVVrOoqyzzyQTyMeVhBzkJVMSkC1LlVsRQ2lpqiY4n6Bb9oCS6lzDKVQxbZw==",
      "dev": true,
      "dependencies": {
        "undici-types": "~5.26.4"
      }
    }
  }
}
